
Microsoft Visual Studio Solution File, Format Version 12.00
# Visual Studio 15
VisualStudioVersion = 15.0.28307.421
MinimumVisualStudioVersion = 10.0.40219.1
Project("{9A19103F-16F7-4668-BE54-9A1E7A4F7556}") = "LifxWebApi", "LifxWebApi\LifxWebApi.csproj", "{76AED8C3-806A-49C8-9749-4EF22C0BB13B}"
EndProject
Project("{9A19103F-16F7-4668-BE54-9A1E7A4F7556}") = "LifxCoreController", "LifxCoreController\LifxCoreController.csproj", "{670D8829-3502-4F6E-802D-1177E4630439}"
EndProject
Project("{9A19103F-16F7-4668-BE54-9A1E7A4F7556}") = "LifxCoreControllerTest", "LifxCoreControllerTest\LifxCoreControllerTest.csproj", "{5D2944D6-8972-43BF-90C6-E28B3338F80F}"
EndProject
Global
	GlobalSection(SolutionConfigurationPlatforms) = preSolution
		Debug|Any CPU = Debug|Any CPU
		Debug|ARM = Debug|ARM
		Debug|ARM64 = Debug|ARM64
		Debug|x64 = Debug|x64
		Debug|x86 = Debug|x86
		Release|Any CPU = Release|Any CPU
		Release|ARM = Release|ARM
		Release|ARM64 = Release|ARM64
		Release|x64 = Release|x64
		Release|x86 = Release|x86
	EndGlobalSection
	GlobalSection(ProjectConfigurationPlatforms) = postSolution
		{76AED8C3-806A-49C8-9749-4EF22C0BB13B}.Debug|Any CPU.ActiveCfg = Debug|Any CPU
		{76AED8C3-806A-49C8-9749-4EF22C0BB13B}.Debug|Any CPU.Build.0 = Debug|Any CPU
		{76AED8C3-806A-49C8-9749-4EF22C0BB13B}.Debug|ARM.ActiveCfg = Debug|Any CPU
		{76AED8C3-806A-49C8-9749-4EF22C0BB13B}.Debug|ARM.Build.0 = Debug|Any CPU
		{76AED8C3-806A-49C8-9749-4EF22C0BB13B}.Debug|ARM64.ActiveCfg = Debug|Any CPU
		{76AED8C3-806A-49C8-9749-4EF22C0BB13B}.Debug|ARM64.Build.0 = Debug|Any CPU
		{76AED8C3-806A-49C8-9749-4EF22C0BB13B}.Debug|x64.ActiveCfg = Debug|Any CPU
		{76AED8C3-806A-49C8-9749-4EF22C0BB13B}.Debug|x64.Build.0 = Debug|Any CPU
		{76AED8C3-806A-49C8-9749-4EF22C0BB13B}.Debug|x86.ActiveCfg = Debug|Any CPU
		{76AED8C3-806A-49C8-9749-4EF22C0BB13B}.Debug|x86.Build.0 = Debug|Any CPU
		{76AED8C3-806A-49C8-9749-4EF22C0BB13B}.Release|Any CPU.ActiveCfg = Release|Any CPU
		{76AED8C3-806A-49C8-9749-4EF22C0BB13B}.Release|Any CPU.Build.0 = Release|Any CPU
		{76AED8C3-806A-49C8-9749-4EF22C0BB13B}.Release|ARM.ActiveCfg = Release|Any CPU
		{76AED8C3-806A-49C8-9749-4EF22C0BB13B}.Release|ARM.Build.0 = Release|Any CPU
		{76AED8C3-806A-49C8-9749-4EF22C0BB13B}.Release|ARM64.ActiveCfg = Release|Any CPU
		{76AED8C3-806A-49C8-9749-4EF22C0BB13B}.Release|ARM64.Build.0 = Release|Any CPU
		{76AED8C3-806A-49C8-9749-4EF22C0BB13B}.Release|x64.ActiveCfg = Release|Any CPU
		{76AED8C3-806A-49C8-9749-4EF22C0BB13B}.Release|x64.Build.0 = Release|Any CPU
		{76AED8C3-806A-49C8-9749-4EF22C0BB13B}.Release|x86.ActiveCfg = Release|Any CPU
		{76AED8C3-806A-49C8-9749-4EF22C0BB13B}.Release|x86.Build.0 = Release|Any CPU
		{670D8829-3502-4F6E-802D-1177E4630439}.Debug|Any CPU.ActiveCfg = Debug|Any CPU
		{670D8829-3502-4F6E-802D-1177E4630439}.Debug|Any CPU.Build.0 = Debug|Any CPU
		{670D8829-3502-4F6E-802D-1177E4630439}.Debug|ARM.ActiveCfg = Debug|Any CPU
		{670D8829-3502-4F6E-802D-1177E4630439}.Debug|ARM.Build.0 = Debug|Any CPU
		{670D8829-3502-4F6E-802D-1177E4630439}.Debug|ARM64.ActiveCfg = Debug|Any CPU
		{670D8829-3502-4F6E-802D-1177E4630439}.Debug|ARM64.Build.0 = Debug|Any CPU
		{670D8829-3502-4F6E-802D-1177E4630439}.Debug|x64.ActiveCfg = Debug|Any CPU
		{670D8829-3502-4F6E-802D-1177E4630439}.Debug|x64.Build.0 = Debug|Any CPU
		{670D8829-3502-4F6E-802D-1177E4630439}.Debug|x86.ActiveCfg = Debug|Any CPU
		{670D8829-3502-4F6E-802D-1177E4630439}.Debug|x86.Build.0 = Debug|Any CPU
		{670D8829-3502-4F6E-802D-1177E4630439}.Release|Any CPU.ActiveCfg = Release|Any CPU
		{670D8829-3502-4F6E-802D-1177E4630439}.Release|Any CPU.Build.0 = Release|Any CPU
		{670D8829-3502-4F6E-802D-1177E4630439}.Release|ARM.ActiveCfg = Release|Any CPU
		{670D8829-3502-4F6E-802D-1177E4630439}.Release|ARM.Build.0 = Release|Any CPU
		{670D8829-3502-4F6E-802D-1177E4630439}.Release|ARM64.ActiveCfg = Release|Any CPU
		{670D8829-3502-4F6E-802D-1177E4630439}.Release|ARM64.Build.0 = Release|Any CPU
		{670D8829-3502-4F6E-802D-1177E4630439}.Release|x64.ActiveCfg = Release|Any CPU
		{670D8829-3502-4F6E-802D-1177E4630439}.Release|x64.Build.0 = Release|Any CPU
		{670D8829-3502-4F6E-802D-1177E4630439}.Release|x86.ActiveCfg = Release|Any CPU
		{670D8829-3502-4F6E-802D-1177E4630439}.Release|x86.Build.0 = Release|Any CPU
		{5D2944D6-8972-43BF-90C6-E28B3338F80F}.Debug|Any CPU.ActiveCfg = Debug|Any CPU
		{5D2944D6-8972-43BF-90C6-E28B3338F80F}.Debug|Any CPU.Build.0 = Debug|Any CPU
		{5D2944D6-8972-43BF-90C6-E28B3338F80F}.Debug|ARM.ActiveCfg = Debug|Any CPU
		{5D2944D6-8972-43BF-90C6-E28B3338F80F}.Debug|ARM.Build.0 = Debug|Any CPU
		{5D2944D6-8972-43BF-90C6-E28B3338F80F}.Debug|ARM64.ActiveCfg = Debug|Any CPU
		{5D2944D6-8972-43BF-90C6-E28B3338F80F}.Debug|ARM64.Build.0 = Debug|Any CPU
		{5D2944D6-8972-43BF-90C6-E28B3338F80F}.Debug|x64.ActiveCfg = Debug|Any CPU
		{5D2944D6-8972-43BF-90C6-E28B3338F80F}.Debug|x64.Build.0 = Debug|Any CPU
		{5D2944D6-8972-43BF-90C6-E28B3338F80F}.Debug|x86.ActiveCfg = Debug|Any CPU
		{5D2944D6-8972-43BF-90C6-E28B3338F80F}.Debug|x86.Build.0 = Debug|Any CPU
		{5D2944D6-8972-43BF-90C6-E28B3338F80F}.Release|Any CPU.ActiveCfg = Release|Any CPU
		{5D2944D6-8972-43BF-90C6-E28B3338F80F}.Release|Any CPU.Build.0 = Release|Any CPU
		{5D2944D6-8972-43BF-90C6-E28B3338F80F}.Release|ARM.ActiveCfg = Release|Any CPU
		{5D2944D6-8972-43BF-90C6-E28B3338F80F}.Release|ARM.Build.0 = Release|Any CPU
		{5D2944D6-8972-43BF-90C6-E28B3338F80F}.Release|ARM64.ActiveCfg = Release|Any CPU
		{5D2944D6-8972-43BF-90C6-E28B3338F80F}.Release|ARM64.Build.0 = Release|Any CPU
		{5D2944D6-8972-43BF-90C6-E28B3338F80F}.Release|x64.ActiveCfg = Release|Any CPU
		{5D2944D6-8972-43BF-90C6-E28B3338F80F}.Release|x64.Build.0 = Release|Any CPU
		{5D2944D6-8972-43BF-90C6-E28B3338F80F}.Release|x86.ActiveCfg = Release|Any CPU
		{5D2944D6-8972-43BF-90C6-E28B3338F80F}.Release|x86.Build.0 = Release|Any CPU
	EndGlobalSection
	GlobalSection(SolutionProperties) = preSolution
		HideSolutionNode = FALSE
	EndGlobalSection
	GlobalSection(ExtensibilityGlobals) = postSolution
		SolutionGuid = {105D4EF0-E07F-4D18-A1E2-FA64077E93B8}
	EndGlobalSection
EndGlobal
