
Microsoft Visual Studio Solution File, Format Version 12.00
# Visual Studio Version 16
VisualStudioVersion = 16.0.28803.156
MinimumVisualStudioVersion = 10.0.40219.1
Project("{9A19103F-16F7-4668-BE54-9A1E7A4F7556}") = "LifxWebApi", "LifxWebApi\LifxWebApi.csproj", "{76AED8C3-806A-49C8-9749-4EF22C0BB13B}"
EndProject
Project("{9A19103F-16F7-4668-BE54-9A1E7A4F7556}") = "LifxCoreController", "LifxCoreController\LifxCoreController.csproj", "{670D8829-3502-4F6E-802D-1177E4630439}"
EndProject
Project("{9A19103F-16F7-4668-BE54-9A1E7A4F7556}") = "LifxCoreControllerTest", "LifxCoreControllerTest\LifxCoreControllerTest.csproj", "{5D2944D6-8972-43BF-90C6-E28B3338F80F}"
EndProject
Project("{9A19103F-16F7-4668-BE54-9A1E7A4F7556}") = "Bishop", "Bishop\Bishop.csproj", "{F11CCEA9-2C94-457C-B4D1-7203ED1565BF}"
EndProject
Project("{9A19103F-16F7-4668-BE54-9A1E7A4F7556}") = "Infrared", "Infrared\Infrared.csproj", "{BBFFF867-23ED-46FA-8765-6E13322122E5}"
EndProject
Project("{9A19103F-16F7-4668-BE54-9A1E7A4F7556}") = "ProvidersInterface", "ProvidersInterface\ProvidersInterface.csproj", "{6E72BD7F-FA3B-410B-8168-77ED6A489AE3}"
EndProject
Project("{9A19103F-16F7-4668-BE54-9A1E7A4F7556}") = "ActionService", "ActionService\ActionService.csproj", "{161A24D1-20A2-41F9-B297-CF453F44B9B5}"
EndProject
Project("{9A19103F-16F7-4668-BE54-9A1E7A4F7556}") = "VueLifxServer", "VueLifxServer\VueLifxServer.csproj", "{00EEA86C-3784-46B9-8A4F-2FAA20764B71}"
EndProject
Global
	GlobalSection(SolutionConfigurationPlatforms) = preSolution
		Debug|Any CPU = Debug|Any CPU
		Debug|ARM = Debug|ARM
		Debug|ARM64 = Debug|ARM64
		Debug|x64 = Debug|x64
		Debug|x86 = Debug|x86
		Release|Any CPU = Release|Any CPU
		Release|ARM = Release|ARM
		Release|ARM64 = Release|ARM64
		Release|x64 = Release|x64
		Release|x86 = Release|x86
	EndGlobalSection
	GlobalSection(ProjectConfigurationPlatforms) = postSolution
		{76AED8C3-806A-49C8-9749-4EF22C0BB13B}.Debug|Any CPU.ActiveCfg = Debug|Any CPU
		{76AED8C3-806A-49C8-9749-4EF22C0BB13B}.Debug|Any CPU.Build.0 = Debug|Any CPU
		{76AED8C3-806A-49C8-9749-4EF22C0BB13B}.Debug|ARM.ActiveCfg = Debug|Any CPU
		{76AED8C3-806A-49C8-9749-4EF22C0BB13B}.Debug|ARM.Build.0 = Debug|Any CPU
		{76AED8C3-806A-49C8-9749-4EF22C0BB13B}.Debug|ARM64.ActiveCfg = Debug|Any CPU
		{76AED8C3-806A-49C8-9749-4EF22C0BB13B}.Debug|ARM64.Build.0 = Debug|Any CPU
		{76AED8C3-806A-49C8-9749-4EF22C0BB13B}.Debug|x64.ActiveCfg = Debug|Any CPU
		{76AED8C3-806A-49C8-9749-4EF22C0BB13B}.Debug|x64.Build.0 = Debug|Any CPU
		{76AED8C3-806A-49C8-9749-4EF22C0BB13B}.Debug|x86.ActiveCfg = Debug|Any CPU
		{76AED8C3-806A-49C8-9749-4EF22C0BB13B}.Debug|x86.Build.0 = Debug|Any CPU
		{76AED8C3-806A-49C8-9749-4EF22C0BB13B}.Release|Any CPU.ActiveCfg = Release|Any CPU
		{76AED8C3-806A-49C8-9749-4EF22C0BB13B}.Release|Any CPU.Build.0 = Release|Any CPU
		{76AED8C3-806A-49C8-9749-4EF22C0BB13B}.Release|ARM.ActiveCfg = Release|Any CPU
		{76AED8C3-806A-49C8-9749-4EF22C0BB13B}.Release|ARM.Build.0 = Release|Any CPU
		{76AED8C3-806A-49C8-9749-4EF22C0BB13B}.Release|ARM64.ActiveCfg = Release|Any CPU
		{76AED8C3-806A-49C8-9749-4EF22C0BB13B}.Release|ARM64.Build.0 = Release|Any CPU
		{76AED8C3-806A-49C8-9749-4EF22C0BB13B}.Release|x64.ActiveCfg = Release|Any CPU
		{76AED8C3-806A-49C8-9749-4EF22C0BB13B}.Release|x64.Build.0 = Release|Any CPU
		{76AED8C3-806A-49C8-9749-4EF22C0BB13B}.Release|x86.ActiveCfg = Release|Any CPU
		{76AED8C3-806A-49C8-9749-4EF22C0BB13B}.Release|x86.Build.0 = Release|Any CPU
		{670D8829-3502-4F6E-802D-1177E4630439}.Debug|Any CPU.ActiveCfg = Debug|Any CPU
		{670D8829-3502-4F6E-802D-1177E4630439}.Debug|Any CPU.Build.0 = Debug|Any CPU
		{670D8829-3502-4F6E-802D-1177E4630439}.Debug|ARM.ActiveCfg = Debug|Any CPU
		{670D8829-3502-4F6E-802D-1177E4630439}.Debug|ARM.Build.0 = Debug|Any CPU
		{670D8829-3502-4F6E-802D-1177E4630439}.Debug|ARM64.ActiveCfg = Debug|Any CPU
		{670D8829-3502-4F6E-802D-1177E4630439}.Debug|ARM64.Build.0 = Debug|Any CPU
		{670D8829-3502-4F6E-802D-1177E4630439}.Debug|x64.ActiveCfg = Debug|Any CPU
		{670D8829-3502-4F6E-802D-1177E4630439}.Debug|x64.Build.0 = Debug|Any CPU
		{670D8829-3502-4F6E-802D-1177E4630439}.Debug|x86.ActiveCfg = Debug|Any CPU
		{670D8829-3502-4F6E-802D-1177E4630439}.Debug|x86.Build.0 = Debug|Any CPU
		{670D8829-3502-4F6E-802D-1177E4630439}.Release|Any CPU.ActiveCfg = Release|Any CPU
		{670D8829-3502-4F6E-802D-1177E4630439}.Release|Any CPU.Build.0 = Release|Any CPU
		{670D8829-3502-4F6E-802D-1177E4630439}.Release|ARM.ActiveCfg = Release|Any CPU
		{670D8829-3502-4F6E-802D-1177E4630439}.Release|ARM.Build.0 = Release|Any CPU
		{670D8829-3502-4F6E-802D-1177E4630439}.Release|ARM64.ActiveCfg = Release|Any CPU
		{670D8829-3502-4F6E-802D-1177E4630439}.Release|ARM64.Build.0 = Release|Any CPU
		{670D8829-3502-4F6E-802D-1177E4630439}.Release|x64.ActiveCfg = Release|Any CPU
		{670D8829-3502-4F6E-802D-1177E4630439}.Release|x64.Build.0 = Release|Any CPU
		{670D8829-3502-4F6E-802D-1177E4630439}.Release|x86.ActiveCfg = Release|Any CPU
		{670D8829-3502-4F6E-802D-1177E4630439}.Release|x86.Build.0 = Release|Any CPU
		{5D2944D6-8972-43BF-90C6-E28B3338F80F}.Debug|Any CPU.ActiveCfg = Debug|Any CPU
		{5D2944D6-8972-43BF-90C6-E28B3338F80F}.Debug|Any CPU.Build.0 = Debug|Any CPU
		{5D2944D6-8972-43BF-90C6-E28B3338F80F}.Debug|ARM.ActiveCfg = Debug|Any CPU
		{5D2944D6-8972-43BF-90C6-E28B3338F80F}.Debug|ARM.Build.0 = Debug|Any CPU
		{5D2944D6-8972-43BF-90C6-E28B3338F80F}.Debug|ARM64.ActiveCfg = Debug|Any CPU
		{5D2944D6-8972-43BF-90C6-E28B3338F80F}.Debug|ARM64.Build.0 = Debug|Any CPU
		{5D2944D6-8972-43BF-90C6-E28B3338F80F}.Debug|x64.ActiveCfg = Debug|Any CPU
		{5D2944D6-8972-43BF-90C6-E28B3338F80F}.Debug|x64.Build.0 = Debug|Any CPU
		{5D2944D6-8972-43BF-90C6-E28B3338F80F}.Debug|x86.ActiveCfg = Debug|Any CPU
		{5D2944D6-8972-43BF-90C6-E28B3338F80F}.Debug|x86.Build.0 = Debug|Any CPU
		{5D2944D6-8972-43BF-90C6-E28B3338F80F}.Release|Any CPU.ActiveCfg = Release|Any CPU
		{5D2944D6-8972-43BF-90C6-E28B3338F80F}.Release|Any CPU.Build.0 = Release|Any CPU
		{5D2944D6-8972-43BF-90C6-E28B3338F80F}.Release|ARM.ActiveCfg = Release|Any CPU
		{5D2944D6-8972-43BF-90C6-E28B3338F80F}.Release|ARM.Build.0 = Release|Any CPU
		{5D2944D6-8972-43BF-90C6-E28B3338F80F}.Release|ARM64.ActiveCfg = Release|Any CPU
		{5D2944D6-8972-43BF-90C6-E28B3338F80F}.Release|ARM64.Build.0 = Release|Any CPU
		{5D2944D6-8972-43BF-90C6-E28B3338F80F}.Release|x64.ActiveCfg = Release|Any CPU
		{5D2944D6-8972-43BF-90C6-E28B3338F80F}.Release|x64.Build.0 = Release|Any CPU
		{5D2944D6-8972-43BF-90C6-E28B3338F80F}.Release|x86.ActiveCfg = Release|Any CPU
		{5D2944D6-8972-43BF-90C6-E28B3338F80F}.Release|x86.Build.0 = Release|Any CPU
		{F11CCEA9-2C94-457C-B4D1-7203ED1565BF}.Debug|Any CPU.ActiveCfg = Debug|Any CPU
		{F11CCEA9-2C94-457C-B4D1-7203ED1565BF}.Debug|Any CPU.Build.0 = Debug|Any CPU
		{F11CCEA9-2C94-457C-B4D1-7203ED1565BF}.Debug|ARM.ActiveCfg = Debug|Any CPU
		{F11CCEA9-2C94-457C-B4D1-7203ED1565BF}.Debug|ARM.Build.0 = Debug|Any CPU
		{F11CCEA9-2C94-457C-B4D1-7203ED1565BF}.Debug|ARM64.ActiveCfg = Debug|Any CPU
		{F11CCEA9-2C94-457C-B4D1-7203ED1565BF}.Debug|ARM64.Build.0 = Debug|Any CPU
		{F11CCEA9-2C94-457C-B4D1-7203ED1565BF}.Debug|x64.ActiveCfg = Debug|Any CPU
		{F11CCEA9-2C94-457C-B4D1-7203ED1565BF}.Debug|x64.Build.0 = Debug|Any CPU
		{F11CCEA9-2C94-457C-B4D1-7203ED1565BF}.Debug|x86.ActiveCfg = Debug|Any CPU
		{F11CCEA9-2C94-457C-B4D1-7203ED1565BF}.Debug|x86.Build.0 = Debug|Any CPU
		{F11CCEA9-2C94-457C-B4D1-7203ED1565BF}.Release|Any CPU.ActiveCfg = Release|Any CPU
		{F11CCEA9-2C94-457C-B4D1-7203ED1565BF}.Release|Any CPU.Build.0 = Release|Any CPU
		{F11CCEA9-2C94-457C-B4D1-7203ED1565BF}.Release|ARM.ActiveCfg = Release|Any CPU
		{F11CCEA9-2C94-457C-B4D1-7203ED1565BF}.Release|ARM.Build.0 = Release|Any CPU
		{F11CCEA9-2C94-457C-B4D1-7203ED1565BF}.Release|ARM64.ActiveCfg = Release|Any CPU
		{F11CCEA9-2C94-457C-B4D1-7203ED1565BF}.Release|ARM64.Build.0 = Release|Any CPU
		{F11CCEA9-2C94-457C-B4D1-7203ED1565BF}.Release|x64.ActiveCfg = Release|Any CPU
		{F11CCEA9-2C94-457C-B4D1-7203ED1565BF}.Release|x64.Build.0 = Release|Any CPU
		{F11CCEA9-2C94-457C-B4D1-7203ED1565BF}.Release|x86.ActiveCfg = Release|Any CPU
		{F11CCEA9-2C94-457C-B4D1-7203ED1565BF}.Release|x86.Build.0 = Release|Any CPU
		{BBFFF867-23ED-46FA-8765-6E13322122E5}.Debug|Any CPU.ActiveCfg = Debug|Any CPU
		{BBFFF867-23ED-46FA-8765-6E13322122E5}.Debug|Any CPU.Build.0 = Debug|Any CPU
		{BBFFF867-23ED-46FA-8765-6E13322122E5}.Debug|ARM.ActiveCfg = Debug|Any CPU
		{BBFFF867-23ED-46FA-8765-6E13322122E5}.Debug|ARM.Build.0 = Debug|Any CPU
		{BBFFF867-23ED-46FA-8765-6E13322122E5}.Debug|ARM64.ActiveCfg = Debug|Any CPU
		{BBFFF867-23ED-46FA-8765-6E13322122E5}.Debug|ARM64.Build.0 = Debug|Any CPU
		{BBFFF867-23ED-46FA-8765-6E13322122E5}.Debug|x64.ActiveCfg = Debug|Any CPU
		{BBFFF867-23ED-46FA-8765-6E13322122E5}.Debug|x64.Build.0 = Debug|Any CPU
		{BBFFF867-23ED-46FA-8765-6E13322122E5}.Debug|x86.ActiveCfg = Debug|Any CPU
		{BBFFF867-23ED-46FA-8765-6E13322122E5}.Debug|x86.Build.0 = Debug|Any CPU
		{BBFFF867-23ED-46FA-8765-6E13322122E5}.Release|Any CPU.ActiveCfg = Release|Any CPU
		{BBFFF867-23ED-46FA-8765-6E13322122E5}.Release|Any CPU.Build.0 = Release|Any CPU
		{BBFFF867-23ED-46FA-8765-6E13322122E5}.Release|ARM.ActiveCfg = Release|Any CPU
		{BBFFF867-23ED-46FA-8765-6E13322122E5}.Release|ARM.Build.0 = Release|Any CPU
		{BBFFF867-23ED-46FA-8765-6E13322122E5}.Release|ARM64.ActiveCfg = Release|Any CPU
		{BBFFF867-23ED-46FA-8765-6E13322122E5}.Release|ARM64.Build.0 = Release|Any CPU
		{BBFFF867-23ED-46FA-8765-6E13322122E5}.Release|x64.ActiveCfg = Release|Any CPU
		{BBFFF867-23ED-46FA-8765-6E13322122E5}.Release|x64.Build.0 = Release|Any CPU
		{BBFFF867-23ED-46FA-8765-6E13322122E5}.Release|x86.ActiveCfg = Release|Any CPU
		{BBFFF867-23ED-46FA-8765-6E13322122E5}.Release|x86.Build.0 = Release|Any CPU
		{6E72BD7F-FA3B-410B-8168-77ED6A489AE3}.Debug|Any CPU.ActiveCfg = Debug|Any CPU
		{6E72BD7F-FA3B-410B-8168-77ED6A489AE3}.Debug|Any CPU.Build.0 = Debug|Any CPU
		{6E72BD7F-FA3B-410B-8168-77ED6A489AE3}.Debug|ARM.ActiveCfg = Debug|Any CPU
		{6E72BD7F-FA3B-410B-8168-77ED6A489AE3}.Debug|ARM.Build.0 = Debug|Any CPU
		{6E72BD7F-FA3B-410B-8168-77ED6A489AE3}.Debug|ARM64.ActiveCfg = Debug|Any CPU
		{6E72BD7F-FA3B-410B-8168-77ED6A489AE3}.Debug|ARM64.Build.0 = Debug|Any CPU
		{6E72BD7F-FA3B-410B-8168-77ED6A489AE3}.Debug|x64.ActiveCfg = Debug|Any CPU
		{6E72BD7F-FA3B-410B-8168-77ED6A489AE3}.Debug|x64.Build.0 = Debug|Any CPU
		{6E72BD7F-FA3B-410B-8168-77ED6A489AE3}.Debug|x86.ActiveCfg = Debug|Any CPU
		{6E72BD7F-FA3B-410B-8168-77ED6A489AE3}.Debug|x86.Build.0 = Debug|Any CPU
		{6E72BD7F-FA3B-410B-8168-77ED6A489AE3}.Release|Any CPU.ActiveCfg = Release|Any CPU
		{6E72BD7F-FA3B-410B-8168-77ED6A489AE3}.Release|Any CPU.Build.0 = Release|Any CPU
		{6E72BD7F-FA3B-410B-8168-77ED6A489AE3}.Release|ARM.ActiveCfg = Release|Any CPU
		{6E72BD7F-FA3B-410B-8168-77ED6A489AE3}.Release|ARM.Build.0 = Release|Any CPU
		{6E72BD7F-FA3B-410B-8168-77ED6A489AE3}.Release|ARM64.ActiveCfg = Release|Any CPU
		{6E72BD7F-FA3B-410B-8168-77ED6A489AE3}.Release|ARM64.Build.0 = Release|Any CPU
		{6E72BD7F-FA3B-410B-8168-77ED6A489AE3}.Release|x64.ActiveCfg = Release|Any CPU
		{6E72BD7F-FA3B-410B-8168-77ED6A489AE3}.Release|x64.Build.0 = Release|Any CPU
		{6E72BD7F-FA3B-410B-8168-77ED6A489AE3}.Release|x86.ActiveCfg = Release|Any CPU
		{6E72BD7F-FA3B-410B-8168-77ED6A489AE3}.Release|x86.Build.0 = Release|Any CPU
		{161A24D1-20A2-41F9-B297-CF453F44B9B5}.Debug|Any CPU.ActiveCfg = Debug|Any CPU
		{161A24D1-20A2-41F9-B297-CF453F44B9B5}.Debug|Any CPU.Build.0 = Debug|Any CPU
		{161A24D1-20A2-41F9-B297-CF453F44B9B5}.Debug|ARM.ActiveCfg = Debug|Any CPU
		{161A24D1-20A2-41F9-B297-CF453F44B9B5}.Debug|ARM.Build.0 = Debug|Any CPU
		{161A24D1-20A2-41F9-B297-CF453F44B9B5}.Debug|ARM64.ActiveCfg = Debug|Any CPU
		{161A24D1-20A2-41F9-B297-CF453F44B9B5}.Debug|ARM64.Build.0 = Debug|Any CPU
		{161A24D1-20A2-41F9-B297-CF453F44B9B5}.Debug|x64.ActiveCfg = Debug|Any CPU
		{161A24D1-20A2-41F9-B297-CF453F44B9B5}.Debug|x64.Build.0 = Debug|Any CPU
		{161A24D1-20A2-41F9-B297-CF453F44B9B5}.Debug|x86.ActiveCfg = Debug|Any CPU
		{161A24D1-20A2-41F9-B297-CF453F44B9B5}.Debug|x86.Build.0 = Debug|Any CPU
		{161A24D1-20A2-41F9-B297-CF453F44B9B5}.Release|Any CPU.ActiveCfg = Release|Any CPU
		{161A24D1-20A2-41F9-B297-CF453F44B9B5}.Release|Any CPU.Build.0 = Release|Any CPU
		{161A24D1-20A2-41F9-B297-CF453F44B9B5}.Release|ARM.ActiveCfg = Release|Any CPU
		{161A24D1-20A2-41F9-B297-CF453F44B9B5}.Release|ARM.Build.0 = Release|Any CPU
		{161A24D1-20A2-41F9-B297-CF453F44B9B5}.Release|ARM64.ActiveCfg = Release|Any CPU
		{161A24D1-20A2-41F9-B297-CF453F44B9B5}.Release|ARM64.Build.0 = Release|Any CPU
		{161A24D1-20A2-41F9-B297-CF453F44B9B5}.Release|x64.ActiveCfg = Release|Any CPU
		{161A24D1-20A2-41F9-B297-CF453F44B9B5}.Release|x64.Build.0 = Release|Any CPU
		{161A24D1-20A2-41F9-B297-CF453F44B9B5}.Release|x86.ActiveCfg = Release|Any CPU
		{161A24D1-20A2-41F9-B297-CF453F44B9B5}.Release|x86.Build.0 = Release|Any CPU
		{00EEA86C-3784-46B9-8A4F-2FAA20764B71}.Debug|Any CPU.ActiveCfg = Debug|Any CPU
		{00EEA86C-3784-46B9-8A4F-2FAA20764B71}.Debug|Any CPU.Build.0 = Debug|Any CPU
		{00EEA86C-3784-46B9-8A4F-2FAA20764B71}.Debug|ARM.ActiveCfg = Debug|Any CPU
		{00EEA86C-3784-46B9-8A4F-2FAA20764B71}.Debug|ARM.Build.0 = Debug|Any CPU
		{00EEA86C-3784-46B9-8A4F-2FAA20764B71}.Debug|ARM64.ActiveCfg = Debug|Any CPU
		{00EEA86C-3784-46B9-8A4F-2FAA20764B71}.Debug|ARM64.Build.0 = Debug|Any CPU
		{00EEA86C-3784-46B9-8A4F-2FAA20764B71}.Debug|x64.ActiveCfg = Debug|Any CPU
		{00EEA86C-3784-46B9-8A4F-2FAA20764B71}.Debug|x64.Build.0 = Debug|Any CPU
		{00EEA86C-3784-46B9-8A4F-2FAA20764B71}.Debug|x86.ActiveCfg = Debug|Any CPU
		{00EEA86C-3784-46B9-8A4F-2FAA20764B71}.Debug|x86.Build.0 = Debug|Any CPU
		{00EEA86C-3784-46B9-8A4F-2FAA20764B71}.Release|Any CPU.ActiveCfg = Release|Any CPU
		{00EEA86C-3784-46B9-8A4F-2FAA20764B71}.Release|Any CPU.Build.0 = Release|Any CPU
		{00EEA86C-3784-46B9-8A4F-2FAA20764B71}.Release|ARM.ActiveCfg = Release|Any CPU
		{00EEA86C-3784-46B9-8A4F-2FAA20764B71}.Release|ARM.Build.0 = Release|Any CPU
		{00EEA86C-3784-46B9-8A4F-2FAA20764B71}.Release|ARM64.ActiveCfg = Release|Any CPU
		{00EEA86C-3784-46B9-8A4F-2FAA20764B71}.Release|ARM64.Build.0 = Release|Any CPU
		{00EEA86C-3784-46B9-8A4F-2FAA20764B71}.Release|x64.ActiveCfg = Release|Any CPU
		{00EEA86C-3784-46B9-8A4F-2FAA20764B71}.Release|x64.Build.0 = Release|Any CPU
		{00EEA86C-3784-46B9-8A4F-2FAA20764B71}.Release|x86.ActiveCfg = Release|Any CPU
		{00EEA86C-3784-46B9-8A4F-2FAA20764B71}.Release|x86.Build.0 = Release|Any CPU
	EndGlobalSection
	GlobalSection(SolutionProperties) = preSolution
		HideSolutionNode = FALSE
	EndGlobalSection
	GlobalSection(ExtensibilityGlobals) = postSolution
		SolutionGuid = {105D4EF0-E07F-4D18-A1E2-FA64077E93B8}
	EndGlobalSection
EndGlobal
